// !$*UTF8*$!
{
	archiveVersion = 1;
	classes = {
	};
	objectVersion = 56;
	objects = {

/* Begin PBXBuildFile section */
		332811512A96175B005EEAB7 /* AuthResponse.swift in Sources */ = {isa = PBXBuildFile; fileRef = 332811502A96175B005EEAB7 /* AuthResponse.swift */; };
		332811542A963CD7005EEAB7 /* Logger.swift in Sources */ = {isa = PBXBuildFile; fileRef = 332811532A963CD7005EEAB7 /* Logger.swift */; };
		3328115C2A96E523005EEAB7 /* ConsoleLogger.swift in Sources */ = {isa = PBXBuildFile; fileRef = 3328115B2A96E523005EEAB7 /* ConsoleLogger.swift */; };
		332811602A96EA85005EEAB7 /* APIService.swift in Sources */ = {isa = PBXBuildFile; fileRef = 3328115F2A96EA85005EEAB7 /* APIService.swift */; };
		332811662A971F98005EEAB7 /* UserProfileViewController.swift in Sources */ = {isa = PBXBuildFile; fileRef = 332811652A971F98005EEAB7 /* UserProfileViewController.swift */; };
		332811682A9720A8005EEAB7 /* UserProfile.swift in Sources */ = {isa = PBXBuildFile; fileRef = 332811672A9720A8005EEAB7 /* UserProfile.swift */; };
		3328116A2A9745E3005EEAB7 /* SettingViewController.swift in Sources */ = {isa = PBXBuildFile; fileRef = 332811692A9745E3005EEAB7 /* SettingViewController.swift */; };
		3328116E2A974ADE005EEAB7 /* Setting.swift in Sources */ = {isa = PBXBuildFile; fileRef = 3328116D2A974ADE005EEAB7 /* Setting.swift */; };
		337630C12A8CB55A003F30B2 /* AppDelegate.swift in Sources */ = {isa = PBXBuildFile; fileRef = 337630C02A8CB55A003F30B2 /* AppDelegate.swift */; };
		337630C32A8CB55A003F30B2 /* SceneDelegate.swift in Sources */ = {isa = PBXBuildFile; fileRef = 337630C22A8CB55A003F30B2 /* SceneDelegate.swift */; };
		337630C52A8CB55A003F30B2 /* TabBarViewController.swift in Sources */ = {isa = PBXBuildFile; fileRef = 337630C42A8CB55A003F30B2 /* TabBarViewController.swift */; };
		337630CA2A8CB55B003F30B2 /* Assets.xcassets in Resources */ = {isa = PBXBuildFile; fileRef = 337630C92A8CB55B003F30B2 /* Assets.xcassets */; };
		337630CD2A8CB55B003F30B2 /* LaunchScreen.storyboard in Resources */ = {isa = PBXBuildFile; fileRef = 337630CB2A8CB55B003F30B2 /* LaunchScreen.storyboard */; };
		337630E12A8CC4CF003F30B2 /* HomeViewController.swift in Sources */ = {isa = PBXBuildFile; fileRef = 337630E02A8CC4CF003F30B2 /* HomeViewController.swift */; };
		337630E32A8CC4E8003F30B2 /* SearchViewController.swift in Sources */ = {isa = PBXBuildFile; fileRef = 337630E22A8CC4E8003F30B2 /* SearchViewController.swift */; };
		337630E52A8CC4FE003F30B2 /* LibraryViewController.swift in Sources */ = {isa = PBXBuildFile; fileRef = 337630E42A8CC4FE003F30B2 /* LibraryViewController.swift */; };
		337630E72A8CC96B003F30B2 /* AuthService.swift in Sources */ = {isa = PBXBuildFile; fileRef = 337630E62A8CC96B003F30B2 /* AuthService.swift */; };
		337630E92A8CCA0D003F30B2 /* WelcomeViewController.swift in Sources */ = {isa = PBXBuildFile; fileRef = 337630E82A8CCA0D003F30B2 /* WelcomeViewController.swift */; };
		337630EB2A8CD0EF003F30B2 /* AuthViewController.swift in Sources */ = {isa = PBXBuildFile; fileRef = 337630EA2A8CD0EF003F30B2 /* AuthViewController.swift */; };
		337630F32A8CDE90003F30B2 /* Extensions.swift in Sources */ = {isa = PBXBuildFile; fileRef = 337630F22A8CDE90003F30B2 /* Extensions.swift */; };
/* End PBXBuildFile section */

/* Begin PBXFileReference section */
		332811502A96175B005EEAB7 /* AuthResponse.swift */ = {isa = PBXFileReference; lastKnownFileType = sourcecode.swift; path = AuthResponse.swift; sourceTree = "<group>"; };
		332811532A963CD7005EEAB7 /* Logger.swift */ = {isa = PBXFileReference; lastKnownFileType = sourcecode.swift; path = Logger.swift; sourceTree = "<group>"; };
		3328115B2A96E523005EEAB7 /* ConsoleLogger.swift */ = {isa = PBXFileReference; lastKnownFileType = sourcecode.swift; path = ConsoleLogger.swift; sourceTree = "<group>"; };
		3328115F2A96EA85005EEAB7 /* APIService.swift */ = {isa = PBXFileReference; lastKnownFileType = sourcecode.swift; path = APIService.swift; sourceTree = "<group>"; };
		332811652A971F98005EEAB7 /* UserProfileViewController.swift */ = {isa = PBXFileReference; lastKnownFileType = sourcecode.swift; path = UserProfileViewController.swift; sourceTree = "<group>"; };
		332811672A9720A8005EEAB7 /* UserProfile.swift */ = {isa = PBXFileReference; lastKnownFileType = sourcecode.swift; path = UserProfile.swift; sourceTree = "<group>"; };
		332811692A9745E3005EEAB7 /* SettingViewController.swift */ = {isa = PBXFileReference; lastKnownFileType = sourcecode.swift; path = SettingViewController.swift; sourceTree = "<group>"; };
		3328116D2A974ADE005EEAB7 /* Setting.swift */ = {isa = PBXFileReference; lastKnownFileType = sourcecode.swift; path = Setting.swift; sourceTree = "<group>"; };
		337630BD2A8CB55A003F30B2 /* SpotifyClone.app */ = {isa = PBXFileReference; explicitFileType = wrapper.application; includeInIndex = 0; path = SpotifyClone.app; sourceTree = BUILT_PRODUCTS_DIR; };
		337630C02A8CB55A003F30B2 /* AppDelegate.swift */ = {isa = PBXFileReference; lastKnownFileType = sourcecode.swift; path = AppDelegate.swift; sourceTree = "<group>"; };
		337630C22A8CB55A003F30B2 /* SceneDelegate.swift */ = {isa = PBXFileReference; lastKnownFileType = sourcecode.swift; path = SceneDelegate.swift; sourceTree = "<group>"; };
		337630C42A8CB55A003F30B2 /* TabBarViewController.swift */ = {isa = PBXFileReference; lastKnownFileType = sourcecode.swift; path = TabBarViewController.swift; sourceTree = "<group>"; };
		337630C92A8CB55B003F30B2 /* Assets.xcassets */ = {isa = PBXFileReference; lastKnownFileType = folder.assetcatalog; path = Assets.xcassets; sourceTree = "<group>"; };
		337630CC2A8CB55B003F30B2 /* Base */ = {isa = PBXFileReference; lastKnownFileType = file.storyboard; name = Base; path = Base.lproj/LaunchScreen.storyboard; sourceTree = "<group>"; };
		337630CE2A8CB55B003F30B2 /* Info.plist */ = {isa = PBXFileReference; lastKnownFileType = text.plist.xml; path = Info.plist; sourceTree = "<group>"; };
		337630E02A8CC4CF003F30B2 /* HomeViewController.swift */ = {isa = PBXFileReference; lastKnownFileType = sourcecode.swift; path = HomeViewController.swift; sourceTree = "<group>"; };
		337630E22A8CC4E8003F30B2 /* SearchViewController.swift */ = {isa = PBXFileReference; lastKnownFileType = sourcecode.swift; path = SearchViewController.swift; sourceTree = "<group>"; };
		337630E42A8CC4FE003F30B2 /* LibraryViewController.swift */ = {isa = PBXFileReference; lastKnownFileType = sourcecode.swift; path = LibraryViewController.swift; sourceTree = "<group>"; };
		337630E62A8CC96B003F30B2 /* AuthService.swift */ = {isa = PBXFileReference; lastKnownFileType = sourcecode.swift; path = AuthService.swift; sourceTree = "<group>"; };
		337630E82A8CCA0D003F30B2 /* WelcomeViewController.swift */ = {isa = PBXFileReference; lastKnownFileType = sourcecode.swift; path = WelcomeViewController.swift; sourceTree = "<group>"; };
		337630EA2A8CD0EF003F30B2 /* AuthViewController.swift */ = {isa = PBXFileReference; lastKnownFileType = sourcecode.swift; path = AuthViewController.swift; sourceTree = "<group>"; };
		337630F22A8CDE90003F30B2 /* Extensions.swift */ = {isa = PBXFileReference; lastKnownFileType = sourcecode.swift; path = Extensions.swift; sourceTree = "<group>"; };
/* End PBXFileReference section */

/* Begin PBXFrameworksBuildPhase section */
		337630BA2A8CB55A003F30B2 /* Frameworks */ = {
			isa = PBXFrameworksBuildPhase;
			buildActionMask = 2147483647;
			files = (
			);
			runOnlyForDeploymentPostprocessing = 0;
		};
/* End PBXFrameworksBuildPhase section */

/* Begin PBXGroup section */
		332811522A963CCA005EEAB7 /* Utilities */ = {
			isa = PBXGroup;
			children = (
				3328115A2A96E517005EEAB7 /* Logger */,
			);
			path = Utilities;
			sourceTree = "<group>";
		};
		3328115A2A96E517005EEAB7 /* Logger */ = {
			isa = PBXGroup;
			children = (
				332811532A963CD7005EEAB7 /* Logger.swift */,
				3328115B2A96E523005EEAB7 /* ConsoleLogger.swift */,
			);
			path = Logger;
			sourceTree = "<group>";
		};
		332811612A971F52005EEAB7 /* Home */ = {
			isa = PBXGroup;
			children = (
				337630E02A8CC4CF003F30B2 /* HomeViewController.swift */,
				332811652A971F98005EEAB7 /* UserProfileViewController.swift */,
				332811692A9745E3005EEAB7 /* SettingViewController.swift */,
			);
			path = Home;
			sourceTree = "<group>";
		};
		332811622A971F5F005EEAB7 /* Search */ = {
			isa = PBXGroup;
			children = (
				337630E22A8CC4E8003F30B2 /* SearchViewController.swift */,
			);
			path = Search;
			sourceTree = "<group>";
		};
		332811632A971F6E005EEAB7 /* Library */ = {
			isa = PBXGroup;
			children = (
				337630E42A8CC4FE003F30B2 /* LibraryViewController.swift */,
			);
			path = Library;
			sourceTree = "<group>";
		};
		332811642A971F7C005EEAB7 /* Core */ = {
			isa = PBXGroup;
			children = (
				337630C42A8CB55A003F30B2 /* TabBarViewController.swift */,
				337630E82A8CCA0D003F30B2 /* WelcomeViewController.swift */,
				337630EA2A8CD0EF003F30B2 /* AuthViewController.swift */,
			);
			path = Core;
			sourceTree = "<group>";
		};
		3328116B2A974AC8005EEAB7 /* Internal */ = {
			isa = PBXGroup;
			children = (
				3328116D2A974ADE005EEAB7 /* Setting.swift */,
			);
			path = Internal;
			sourceTree = "<group>";
		};
		3328116C2A974ACE005EEAB7 /* Spotify */ = {
			isa = PBXGroup;
			children = (
				332811502A96175B005EEAB7 /* AuthResponse.swift */,
				332811672A9720A8005EEAB7 /* UserProfile.swift */,
			);
			path = Spotify;
			sourceTree = "<group>";
		};
		337630B42A8CB55A003F30B2 = {
			isa = PBXGroup;
			children = (
				337630BF2A8CB55A003F30B2 /* SpotifyClone */,
				337630BE2A8CB55A003F30B2 /* Products */,
			);
			sourceTree = "<group>";
		};
		337630BE2A8CB55A003F30B2 /* Products */ = {
			isa = PBXGroup;
			children = (
				337630BD2A8CB55A003F30B2 /* SpotifyClone.app */,
			);
			name = Products;
			sourceTree = "<group>";
		};
		337630BF2A8CB55A003F30B2 /* SpotifyClone */ = {
			isa = PBXGroup;
			children = (
				337630D92A8CB73D003F30B2 /* Resources */,
				337630D82A8CB736003F30B2 /* Services */,
				337630D62A8CB72B003F30B2 /* Models */,
				337630D52A8CB726003F30B2 /* Views */,
				337630D42A8CB71C003F30B2 /* Controllers */,
				332811522A963CCA005EEAB7 /* Utilities */,
				337630CE2A8CB55B003F30B2 /* Info.plist */,
			);
			path = SpotifyClone;
			sourceTree = "<group>";
		};
		337630D42A8CB71C003F30B2 /* Controllers */ = {
			isa = PBXGroup;
			children = (
				332811642A971F7C005EEAB7 /* Core */,
				332811612A971F52005EEAB7 /* Home */,
				332811622A971F5F005EEAB7 /* Search */,
				332811632A971F6E005EEAB7 /* Library */,
			);
			path = Controllers;
			sourceTree = "<group>";
		};
		337630D52A8CB726003F30B2 /* Views */ = {
			isa = PBXGroup;
			children = (
				337630CB2A8CB55B003F30B2 /* LaunchScreen.storyboard */,
			);
			path = Views;
			sourceTree = "<group>";
		};
		337630D62A8CB72B003F30B2 /* Models */ = {
			isa = PBXGroup;
			children = (
				3328116B2A974AC8005EEAB7 /* Internal */,
				3328116C2A974ACE005EEAB7 /* Spotify */,
			);
			path = Models;
			sourceTree = "<group>";
		};
		337630D82A8CB736003F30B2 /* Services */ = {
			isa = PBXGroup;
			children = (
				3328115F2A96EA85005EEAB7 /* APIService.swift */,
				337630E62A8CC96B003F30B2 /* AuthService.swift */,
			);
			path = Services;
			sourceTree = "<group>";
		};
		337630D92A8CB73D003F30B2 /* Resources */ = {
			isa = PBXGroup;
			children = (
				337630C92A8CB55B003F30B2 /* Assets.xcassets */,
				337630C02A8CB55A003F30B2 /* AppDelegate.swift */,
				337630C22A8CB55A003F30B2 /* SceneDelegate.swift */,
				337630F22A8CDE90003F30B2 /* Extensions.swift */,
			);
			path = Resources;
			sourceTree = "<group>";
		};
/* End PBXGroup section */

/* Begin PBXNativeTarget section */
		337630BC2A8CB55A003F30B2 /* SpotifyClone */ = {
			isa = PBXNativeTarget;
			buildConfigurationList = 337630D12A8CB55B003F30B2 /* Build configuration list for PBXNativeTarget "SpotifyClone" */;
			buildPhases = (
				337630B92A8CB55A003F30B2 /* Sources */,
				337630BA2A8CB55A003F30B2 /* Frameworks */,
				337630BB2A8CB55A003F30B2 /* Resources */,
			);
			buildRules = (
			);
			dependencies = (
			);
			name = SpotifyClone;
			productName = SpotifyClone;
			productReference = 337630BD2A8CB55A003F30B2 /* SpotifyClone.app */;
			productType = "com.apple.product-type.application";
		};
/* End PBXNativeTarget section */

/* Begin PBXProject section */
		337630B52A8CB55A003F30B2 /* Project object */ = {
			isa = PBXProject;
			attributes = {
				BuildIndependentTargetsInParallel = 1;
				LastSwiftUpdateCheck = 1430;
				LastUpgradeCheck = 1430;
				TargetAttributes = {
					337630BC2A8CB55A003F30B2 = {
						CreatedOnToolsVersion = 14.3.1;
					};
				};
			};
			buildConfigurationList = 337630B82A8CB55A003F30B2 /* Build configuration list for PBXProject "SpotifyClone" */;
			compatibilityVersion = "Xcode 14.0";
			developmentRegion = en;
			hasScannedForEncodings = 0;
			knownRegions = (
				en,
				Base,
			);
			mainGroup = 337630B42A8CB55A003F30B2;
			productRefGroup = 337630BE2A8CB55A003F30B2 /* Products */;
			projectDirPath = "";
			projectRoot = "";
			targets = (
				337630BC2A8CB55A003F30B2 /* SpotifyClone */,
			);
		};
/* End PBXProject section */

/* Begin PBXResourcesBuildPhase section */
		337630BB2A8CB55A003F30B2 /* Resources */ = {
			isa = PBXResourcesBuildPhase;
			buildActionMask = 2147483647;
			files = (
				337630CD2A8CB55B003F30B2 /* LaunchScreen.storyboard in Resources */,
				337630CA2A8CB55B003F30B2 /* Assets.xcassets in Resources */,
			);
			runOnlyForDeploymentPostprocessing = 0;
		};
/* End PBXResourcesBuildPhase section */

/* Begin PBXSourcesBuildPhase section */
		337630B92A8CB55A003F30B2 /* Sources */ = {
			isa = PBXSourcesBuildPhase;
			buildActionMask = 2147483647;
			files = (
				337630C52A8CB55A003F30B2 /* TabBarViewController.swift in Sources */,
				332811542A963CD7005EEAB7 /* Logger.swift in Sources */,
				337630E92A8CCA0D003F30B2 /* WelcomeViewController.swift in Sources */,
				337630E32A8CC4E8003F30B2 /* SearchViewController.swift in Sources */,
				337630C12A8CB55A003F30B2 /* AppDelegate.swift in Sources */,
				3328116A2A9745E3005EEAB7 /* SettingViewController.swift in Sources */,
				337630E12A8CC4CF003F30B2 /* HomeViewController.swift in Sources */,
				337630F32A8CDE90003F30B2 /* Extensions.swift in Sources */,
				3328116E2A974ADE005EEAB7 /* Setting.swift in Sources */,
				3328115C2A96E523005EEAB7 /* ConsoleLogger.swift in Sources */,
				332811602A96EA85005EEAB7 /* APIService.swift in Sources */,
				337630E52A8CC4FE003F30B2 /* LibraryViewController.swift in Sources */,
				337630C32A8CB55A003F30B2 /* SceneDelegate.swift in Sources */,
				332811512A96175B005EEAB7 /* AuthResponse.swift in Sources */,
				332811682A9720A8005EEAB7 /* UserProfile.swift in Sources */,
				332811662A971F98005EEAB7 /* UserProfileViewController.swift in Sources */,
				337630EB2A8CD0EF003F30B2 /* AuthViewController.swift in Sources */,
				337630E72A8CC96B003F30B2 /* AuthService.swift in Sources */,
			);
			runOnlyForDeploymentPostprocessing = 0;
		};
/* End PBXSourcesBuildPhase section */

/* Begin PBXVariantGroup section */
		337630CB2A8CB55B003F30B2 /* LaunchScreen.storyboard */ = {
			isa = PBXVariantGroup;
			children = (
				337630CC2A8CB55B003F30B2 /* Base */,
			);
			name = LaunchScreen.storyboard;
			sourceTree = "<group>";
		};
/* End PBXVariantGroup section */

/* Begin XCBuildConfiguration section */
		337630CF2A8CB55B003F30B2 /* Debug */ = {
			isa = XCBuildConfiguration;
			buildSettings = {
				ALWAYS_SEARCH_USER_PATHS = NO;
				CLANG_ANALYZER_NONNULL = YES;
				CLANG_ANALYZER_NUMBER_OBJECT_CONVERSION = YES_AGGRESSIVE;
				CLANG_CXX_LANGUAGE_STANDARD = "gnu++20";
				CLANG_ENABLE_MODULES = YES;
				CLANG_ENABLE_OBJC_ARC = YES;
				CLANG_ENABLE_OBJC_WEAK = YES;
				CLANG_WARN_BLOCK_CAPTURE_AUTORELEASING = YES;
				CLANG_WARN_BOOL_CONVERSION = YES;
				CLANG_WARN_COMMA = YES;
				CLANG_WARN_CONSTANT_CONVERSION = YES;
				CLANG_WARN_DEPRECATED_OBJC_IMPLEMENTATIONS = YES;
				CLANG_WARN_DIRECT_OBJC_ISA_USAGE = YES_ERROR;
				CLANG_WARN_DOCUMENTATION_COMMENTS = YES;
				CLANG_WARN_EMPTY_BODY = YES;
				CLANG_WARN_ENUM_CONVERSION = YES;
				CLANG_WARN_INFINITE_RECURSION = YES;
				CLANG_WARN_INT_CONVERSION = YES;
				CLANG_WARN_NON_LITERAL_NULL_CONVERSION = YES;
				CLANG_WARN_OBJC_IMPLICIT_RETAIN_SELF = YES;
				CLANG_WARN_OBJC_LITERAL_CONVERSION = YES;
				CLANG_WARN_OBJC_ROOT_CLASS = YES_ERROR;
				CLANG_WARN_QUOTED_INCLUDE_IN_FRAMEWORK_HEADER = YES;
				CLANG_WARN_RANGE_LOOP_ANALYSIS = YES;
				CLANG_WARN_STRICT_PROTOTYPES = YES;
				CLANG_WARN_SUSPICIOUS_MOVE = YES;
				CLANG_WARN_UNGUARDED_AVAILABILITY = YES_AGGRESSIVE;
				CLANG_WARN_UNREACHABLE_CODE = YES;
				CLANG_WARN__DUPLICATE_METHOD_MATCH = YES;
				COPY_PHASE_STRIP = NO;
				DEBUG_INFORMATION_FORMAT = dwarf;
				ENABLE_STRICT_OBJC_MSGSEND = YES;
				ENABLE_TESTABILITY = YES;
				GCC_C_LANGUAGE_STANDARD = gnu11;
				GCC_DYNAMIC_NO_PIC = NO;
				GCC_NO_COMMON_BLOCKS = YES;
				GCC_OPTIMIZATION_LEVEL = 0;
				GCC_PREPROCESSOR_DEFINITIONS = (
					"DEBUG=1",
					"$(inherited)",
				);
				GCC_WARN_64_TO_32_BIT_CONVERSION = YES;
				GCC_WARN_ABOUT_RETURN_TYPE = YES_ERROR;
				GCC_WARN_UNDECLARED_SELECTOR = YES;
				GCC_WARN_UNINITIALIZED_AUTOS = YES_AGGRESSIVE;
				GCC_WARN_UNUSED_FUNCTION = YES;
				GCC_WARN_UNUSED_VARIABLE = YES;
				IPHONEOS_DEPLOYMENT_TARGET = 14.0;
				MTL_ENABLE_DEBUG_INFO = INCLUDE_SOURCE;
				MTL_FAST_MATH = YES;
				ONLY_ACTIVE_ARCH = YES;
				SDKROOT = iphoneos;
				SWIFT_ACTIVE_COMPILATION_CONDITIONS = DEBUG;
				SWIFT_OPTIMIZATION_LEVEL = "-Onone";
			};
			name = Debug;
		};
		337630D02A8CB55B003F30B2 /* Release */ = {
			isa = XCBuildConfiguration;
			buildSettings = {
				ALWAYS_SEARCH_USER_PATHS = NO;
				CLANG_ANALYZER_NONNULL = YES;
				CLANG_ANALYZER_NUMBER_OBJECT_CONVERSION = YES_AGGRESSIVE;
				CLANG_CXX_LANGUAGE_STANDARD = "gnu++20";
				CLANG_ENABLE_MODULES = YES;
				CLANG_ENABLE_OBJC_ARC = YES;
				CLANG_ENABLE_OBJC_WEAK = YES;
				CLANG_WARN_BLOCK_CAPTURE_AUTORELEASING = YES;
				CLANG_WARN_BOOL_CONVERSION = YES;
				CLANG_WARN_COMMA = YES;
				CLANG_WARN_CONSTANT_CONVERSION = YES;
				CLANG_WARN_DEPRECATED_OBJC_IMPLEMENTATIONS = YES;
				CLANG_WARN_DIRECT_OBJC_ISA_USAGE = YES_ERROR;
				CLANG_WARN_DOCUMENTATION_COMMENTS = YES;
				CLANG_WARN_EMPTY_BODY = YES;
				CLANG_WARN_ENUM_CONVERSION = YES;
				CLANG_WARN_INFINITE_RECURSION = YES;
				CLANG_WARN_INT_CONVERSION = YES;
				CLANG_WARN_NON_LITERAL_NULL_CONVERSION = YES;
				CLANG_WARN_OBJC_IMPLICIT_RETAIN_SELF = YES;
				CLANG_WARN_OBJC_LITERAL_CONVERSION = YES;
				CLANG_WARN_OBJC_ROOT_CLASS = YES_ERROR;
				CLANG_WARN_QUOTED_INCLUDE_IN_FRAMEWORK_HEADER = YES;
				CLANG_WARN_RANGE_LOOP_ANALYSIS = YES;
				CLANG_WARN_STRICT_PROTOTYPES = YES;
				CLANG_WARN_SUSPICIOUS_MOVE = YES;
				CLANG_WARN_UNGUARDED_AVAILABILITY = YES_AGGRESSIVE;
				CLANG_WARN_UNREACHABLE_CODE = YES;
				CLANG_WARN__DUPLICATE_METHOD_MATCH = YES;
				COPY_PHASE_STRIP = NO;
				DEBUG_INFORMATION_FORMAT = "dwarf-with-dsym";
				ENABLE_NS_ASSERTIONS = NO;
				ENABLE_STRICT_OBJC_MSGSEND = YES;
				GCC_C_LANGUAGE_STANDARD = gnu11;
				GCC_NO_COMMON_BLOCKS = YES;
				GCC_WARN_64_TO_32_BIT_CONVERSION = YES;
				GCC_WARN_ABOUT_RETURN_TYPE = YES_ERROR;
				GCC_WARN_UNDECLARED_SELECTOR = YES;
				GCC_WARN_UNINITIALIZED_AUTOS = YES_AGGRESSIVE;
				GCC_WARN_UNUSED_FUNCTION = YES;
				GCC_WARN_UNUSED_VARIABLE = YES;
				IPHONEOS_DEPLOYMENT_TARGET = 14.0;
				MTL_ENABLE_DEBUG_INFO = NO;
				MTL_FAST_MATH = YES;
				SDKROOT = iphoneos;
				SWIFT_COMPILATION_MODE = wholemodule;
				SWIFT_OPTIMIZATION_LEVEL = "-O";
				VALIDATE_PRODUCT = YES;
			};
			name = Release;
		};
		337630D22A8CB55B003F30B2 /* Debug */ = {
			isa = XCBuildConfiguration;
			buildSettings = {
				ASSETCATALOG_COMPILER_APPICON_NAME = AppIcon;
				ASSETCATALOG_COMPILER_GLOBAL_ACCENT_COLOR_NAME = AccentColor;
				CODE_SIGN_STYLE = Automatic;
				CURRENT_PROJECT_VERSION = 1;
				DEVELOPMENT_TEAM = V94RHZNH5T;
				GENERATE_INFOPLIST_FILE = YES;
				INFOPLIST_FILE = SpotifyClone/Info.plist;
				INFOPLIST_KEY_UIApplicationSupportsIndirectInputEvents = YES;
				INFOPLIST_KEY_UILaunchStoryboardName = LaunchScreen;
				INFOPLIST_KEY_UISupportedInterfaceOrientations_iPad = "UIInterfaceOrientationPortrait UIInterfaceOrientationPortraitUpsideDown UIInterfaceOrientationLandscapeLeft UIInterfaceOrientationLandscapeRight";
				INFOPLIST_KEY_UISupportedInterfaceOrientations_iPhone = "UIInterfaceOrientationPortrait UIInterfaceOrientationLandscapeLeft UIInterfaceOrientationLandscapeRight";
				IPHONEOS_DEPLOYMENT_TARGET = 14.0;
				LD_RUNPATH_SEARCH_PATHS = (
					"$(inherited)",
					"@executable_path/Frameworks",
				);
				MARKETING_VERSION = 1.0;
				PRODUCT_BUNDLE_IDENTIFIER = dev.jinyongp.SpotifyClone;
				PRODUCT_NAME = "$(TARGET_NAME)";
				SUPPORTED_PLATFORMS = "iphoneos iphonesimulator";
				SUPPORTS_MACCATALYST = NO;
				SUPPORTS_MAC_DESIGNED_FOR_IPHONE_IPAD = NO;
				SWIFT_EMIT_LOC_STRINGS = YES;
				SWIFT_VERSION = 5.0;
				TARGETED_DEVICE_FAMILY = "1,2";
			};
			name = Debug;
		};
		337630D32A8CB55B003F30B2 /* Release */ = {
			isa = XCBuildConfiguration;
			buildSettings = {
				ASSETCATALOG_COMPILER_APPICON_NAME = AppIcon;
				ASSETCATALOG_COMPILER_GLOBAL_ACCENT_COLOR_NAME = AccentColor;
				CODE_SIGN_STYLE = Automatic;
				CURRENT_PROJECT_VERSION = 1;
				DEVELOPMENT_TEAM = V94RHZNH5T;
				GENERATE_INFOPLIST_FILE = YES;
				INFOPLIST_FILE = SpotifyClone/Info.plist;
				INFOPLIST_KEY_UIApplicationSupportsIndirectInputEvents = YES;
				INFOPLIST_KEY_UILaunchStoryboardName = LaunchScreen;
				INFOPLIST_KEY_UISupportedInterfaceOrientations_iPad = "UIInterfaceOrientationPortrait UIInterfaceOrientationPortraitUpsideDown UIInterfaceOrientationLandscapeLeft UIInterfaceOrientationLandscapeRight";
				INFOPLIST_KEY_UISupportedInterfaceOrientations_iPhone = "UIInterfaceOrientationPortrait UIInterfaceOrientationLandscapeLeft UIInterfaceOrientationLandscapeRight";
				IPHONEOS_DEPLOYMENT_TARGET = 14.0;
				LD_RUNPATH_SEARCH_PATHS = (
					"$(inherited)",
					"@executable_path/Frameworks",
				);
				MARKETING_VERSION = 1.0;
				PRODUCT_BUNDLE_IDENTIFIER = dev.jinyongp.SpotifyClone;
				PRODUCT_NAME = "$(TARGET_NAME)";
				SUPPORTED_PLATFORMS = "iphoneos iphonesimulator";
				SUPPORTS_MACCATALYST = NO;
				SUPPORTS_MAC_DESIGNED_FOR_IPHONE_IPAD = NO;
				SWIFT_EMIT_LOC_STRINGS = YES;
				SWIFT_VERSION = 5.0;
				TARGETED_DEVICE_FAMILY = "1,2";
			};
			name = Release;
		};
/* End XCBuildConfiguration section */

/* Begin XCConfigurationList section */
		337630B82A8CB55A003F30B2 /* Build configuration list for PBXProject "SpotifyClone" */ = {
			isa = XCConfigurationList;
			buildConfigurations = (
				337630CF2A8CB55B003F30B2 /* Debug */,
				337630D02A8CB55B003F30B2 /* Release */,
			);
			defaultConfigurationIsVisible = 0;
			defaultConfigurationName = Release;
		};
		337630D12A8CB55B003F30B2 /* Build configuration list for PBXNativeTarget "SpotifyClone" */ = {
			isa = XCConfigurationList;
			buildConfigurations = (
				337630D22A8CB55B003F30B2 /* Debug */,
				337630D32A8CB55B003F30B2 /* Release */,
			);
			defaultConfigurationIsVisible = 0;
			defaultConfigurationName = Release;
		};
/* End XCConfigurationList section */
	};
	rootObject = 337630B52A8CB55A003F30B2 /* Project object */;
}
